{
  "version": 1,
  "dependencies": {
    "net10.0": {
      "Spectre.Console": {
        "type": "Direct",
        "requested": "[0.57.2, )",
        "resolved": "0.57.2",
        "contentHash": "wzsB+P9i6F9G+cFOJxRotCiQWNSzZVAMxi8YMiHlGXXU1JLMXGp7zSSqBMmROZS2bzpK5jk+Saa7Evp8HwqhKg==",
        "dependencies": {
          "Spectre.Console.Ansi": "0.57.2"
        }
      },
      "Spectre.Console.Ansi": {
        "type": "Transitive",
        "resolved": "0.57.2",
        "contentHash": "Y1+u73shwP+JYHmrkdN6bSt2kaGBEAafhi2nrecczbXdFRey+k7J/WF9YPfcB0rqivv2S8fmif6FSBq9m/AFvw=="
      },
      "tenninety.core": {
        "type": "Project"
      },
      "tenninety.execution": {
        "type": "Project",
        "dependencies": {
          "Tenninety.Core": "[1.0.0, )",
          "Tenninety.Frontier": "[1.0.0, )",
          "Tenninety.Git": "[1.0.0, )"
        }
      },
      "tenninety.frontier": {
        "type": "Project",
        "dependencies": {
          "Tenninety.Core": "[1.0.0, )"
        }
      },
      "tenninety.git": {
        "type": "Project",
        "dependencies": {
          "Tenninety.Core": "[1.0.0, )"
        }
      }
    }
  }
}